
Microsoft Visual Studio Solution File, Format Version 12.00
# Visual Studio 15
VisualStudioVersion = 15.0.28307.1927
MinimumVisualStudioVersion = 10.0.40219.1
Project("{8BC9CEB8-8B4A-11D0-8D11-00A0C91BC942}") = "Project1", "Project1\Project1.vcxproj", "{8E762845-E339-4E80-88D2-25EC02C54774}"
EndProject
Global
	GlobalSection(SolutionConfigurationPlatforms) = preSolution
		Debug|x64 = Debug|x64
		Debug|x86 = Debug|x86
		Release|x64 = Release|x64
		Release|x86 = Release|x86
	EndGlobalSection
	GlobalSection(ProjectConfigurationPlatforms) = postSolution
		{8E762845-E339-4E80-88D2-25EC02C54774}.Debug|x64.ActiveCfg = Debug|x64
		{8E762845-E339-4E80-88D2-25EC02C54774}.Debug|x64.Build.0 = Debug|x64
		{8E762845-E339-4E80-88D2-25EC02C54774}.Debug|x86.ActiveCfg = Debug|Win32
		{8E762845-E339-4E80-88D2-25EC02C54774}.Debug|x86.Build.0 = Debug|Win32
		{8E762845-E339-4E80-88D2-25EC02C54774}.Release|x64.ActiveCfg = Release|x64
		{8E762845-E339-4E80-88D2-25EC02C54774}.Release|x64.Build.0 = Release|x64
		{8E762845-E339-4E80-88D2-25EC02C54774}.Release|x86.ActiveCfg = Release|Win32
		{8E762845-E339-4E80-88D2-25EC02C54774}.Release|x86.Build.0 = Release|Win32
	EndGlobalSection
	GlobalSection(SolutionProperties) = preSolution
		HideSolutionNode = FALSE
	EndGlobalSection
	GlobalSection(ExtensibilityGlobals) = postSolution
		SolutionGuid = {4239F112-F943-4381-AAEC-7AFB3730921E}
	EndGlobalSection
EndGlobal
